
Microsoft Visual Studio Solution File, Format Version 12.00
# Visual Studio 14
VisualStudioVersion = 14.0.24720.0
MinimumVisualStudioVersion = 10.0.40219.1
Project("{FAE04EC0-301F-11D3-BF4B-00C04F79EFBC}") = "ean.edu.desarrollo.modelo.pocso", "ean.edu.desarrollo.modelo.pocso\ean.edu.desarrollo.modelo.pocso.csproj", "{2FA5A1F3-4506-46D2-AFD5-91AD6BAE93BC}"
EndProject
Project("{FAE04EC0-301F-11D3-BF4B-00C04F79EFBC}") = "ean.edu.desarrollo.persistencia.adonet", "ean.edu.desarrollo.persistencia.adonet\ean.edu.desarrollo.persistencia.adonet.csproj", "{F9CEB91C-8895-4FB6-B635-ABE10918A570}"
EndProject
Project("{FAE04EC0-301F-11D3-BF4B-00C04F79EFBC}") = "ean.edu.desarrollo.modelo.logica", "ean.edu.desarrollo.modelo.logica\ean.edu.desarrollo.modelo.logica.csproj", "{6EC8138E-0D1B-41BB-A708-689F6132B1FC}"
EndProject
Project("{FAE04EC0-301F-11D3-BF4B-00C04F79EFBC}") = "ean.edu.desarrollo.web", "ean.edu.desarrollo.web\ean.edu.desarrollo.web.csproj", "{11EC1D7A-4785-46D9-8B94-DEDFC89DFE1A}"
EndProject
Global
	GlobalSection(SubversionScc) = preSolution
		Svn-Managed = True
		Manager = AnkhSVN - Subversion Support for Visual Studio
	EndGlobalSection
	GlobalSection(SolutionConfigurationPlatforms) = preSolution
		Debug|Any CPU = Debug|Any CPU
		Release|Any CPU = Release|Any CPU
	EndGlobalSection
	GlobalSection(ProjectConfigurationPlatforms) = postSolution
		{2FA5A1F3-4506-46D2-AFD5-91AD6BAE93BC}.Debug|Any CPU.ActiveCfg = Debug|Any CPU
		{2FA5A1F3-4506-46D2-AFD5-91AD6BAE93BC}.Debug|Any CPU.Build.0 = Debug|Any CPU
		{2FA5A1F3-4506-46D2-AFD5-91AD6BAE93BC}.Release|Any CPU.ActiveCfg = Release|Any CPU
		{2FA5A1F3-4506-46D2-AFD5-91AD6BAE93BC}.Release|Any CPU.Build.0 = Release|Any CPU
		{F9CEB91C-8895-4FB6-B635-ABE10918A570}.Debug|Any CPU.ActiveCfg = Debug|Any CPU
		{F9CEB91C-8895-4FB6-B635-ABE10918A570}.Debug|Any CPU.Build.0 = Debug|Any CPU
		{F9CEB91C-8895-4FB6-B635-ABE10918A570}.Release|Any CPU.ActiveCfg = Release|Any CPU
		{F9CEB91C-8895-4FB6-B635-ABE10918A570}.Release|Any CPU.Build.0 = Release|Any CPU
		{6EC8138E-0D1B-41BB-A708-689F6132B1FC}.Debug|Any CPU.ActiveCfg = Debug|Any CPU
		{6EC8138E-0D1B-41BB-A708-689F6132B1FC}.Debug|Any CPU.Build.0 = Debug|Any CPU
		{6EC8138E-0D1B-41BB-A708-689F6132B1FC}.Release|Any CPU.ActiveCfg = Release|Any CPU
		{6EC8138E-0D1B-41BB-A708-689F6132B1FC}.Release|Any CPU.Build.0 = Release|Any CPU
		{11EC1D7A-4785-46D9-8B94-DEDFC89DFE1A}.Debug|Any CPU.ActiveCfg = Debug|Any CPU
		{11EC1D7A-4785-46D9-8B94-DEDFC89DFE1A}.Debug|Any CPU.Build.0 = Debug|Any CPU
		{11EC1D7A-4785-46D9-8B94-DEDFC89DFE1A}.Release|Any CPU.ActiveCfg = Release|Any CPU
		{11EC1D7A-4785-46D9-8B94-DEDFC89DFE1A}.Release|Any CPU.Build.0 = Release|Any CPU
	EndGlobalSection
	GlobalSection(SolutionProperties) = preSolution
		HideSolutionNode = FALSE
	EndGlobalSection
EndGlobal
